// !$*UTF8*$!
{
	archiveVersion = 1;
	classes = {
	};
	objectVersion = 50;
	objects = {

/* Begin PBXBuildFile section */
		6E896D152072263C001DC8D9 /* AppDelegate.swift in Sources */ = {isa = PBXBuildFile; fileRef = 6E896D142072263C001DC8D9 /* AppDelegate.swift */; };
		6E896D172072263C001DC8D9 /* ViewController.swift in Sources */ = {isa = PBXBuildFile; fileRef = 6E896D162072263C001DC8D9 /* ViewController.swift */; };
		6E896D1A2072263C001DC8D9 /* Main.storyboard in Resources */ = {isa = PBXBuildFile; fileRef = 6E896D182072263C001DC8D9 /* Main.storyboard */; };
		6E896D1C2072263E001DC8D9 /* Assets.xcassets in Resources */ = {isa = PBXBuildFile; fileRef = 6E896D1B2072263E001DC8D9 /* Assets.xcassets */; };
		6E896D1F2072263E001DC8D9 /* LaunchScreen.storyboard in Resources */ = {isa = PBXBuildFile; fileRef = 6E896D1D2072263E001DC8D9 /* LaunchScreen.storyboard */; };
		6E896D2D2072278C001DC8D9 /* DPLog.framework in Frameworks */ = {isa = PBXBuildFile; fileRef = 6E896D2720722773001DC8D9 /* DPLog.framework */; };
		6E896D2E2072278C001DC8D9 /* DPLog.framework in Embed Frameworks */ = {isa = PBXBuildFile; fileRef = 6E896D2720722773001DC8D9 /* DPLog.framework */; settings = {ATTRIBUTES = (CodeSignOnCopy, RemoveHeadersOnCopy, ); }; };
/* End PBXBuildFile section */

/* Begin PBXCopyFilesBuildPhase section */
		6E896D2F2072278C001DC8D9 /* Embed Frameworks */ = {
			isa = PBXCopyFilesBuildPhase;
			buildActionMask = 2147483647;
			dstPath = "";
			dstSubfolderSpec = 10;
			files = (
				6E896D2E2072278C001DC8D9 /* DPLog.framework in Embed Frameworks */,
			);
			name = "Embed Frameworks";
			runOnlyForDeploymentPostprocessing = 0;
		};
/* End PBXCopyFilesBuildPhase section */

/* Begin PBXFileReference section */
		6E896D112072263C001DC8D9 /* DPLogExample.app */ = {isa = PBXFileReference; explicitFileType = wrapper.application; includeInIndex = 0; path = DPLogExample.app; sourceTree = BUILT_PRODUCTS_DIR; };
		6E896D142072263C001DC8D9 /* AppDelegate.swift */ = {isa = PBXFileReference; lastKnownFileType = sourcecode.swift; path = AppDelegate.swift; sourceTree = "<group>"; };
		6E896D162072263C001DC8D9 /* ViewController.swift */ = {isa = PBXFileReference; lastKnownFileType = sourcecode.swift; path = ViewController.swift; sourceTree = "<group>"; };
		6E896D192072263C001DC8D9 /* Base */ = {isa = PBXFileReference; lastKnownFileType = file.storyboard; name = Base; path = Base.lproj/Main.storyboard; sourceTree = "<group>"; };
		6E896D1B2072263E001DC8D9 /* Assets.xcassets */ = {isa = PBXFileReference; lastKnownFileType = folder.assetcatalog; path = Assets.xcassets; sourceTree = "<group>"; };
		6E896D1E2072263E001DC8D9 /* Base */ = {isa = PBXFileReference; lastKnownFileType = file.storyboard; name = Base; path = Base.lproj/LaunchScreen.storyboard; sourceTree = "<group>"; };
		6E896D202072263E001DC8D9 /* Info.plist */ = {isa = PBXFileReference; lastKnownFileType = text.plist.xml; path = Info.plist; sourceTree = "<group>"; };
		6E896D2720722773001DC8D9 /* DPLog.framework */ = {isa = PBXFileReference; explicitFileType = wrapper.framework; path = DPLog.framework; sourceTree = BUILT_PRODUCTS_DIR; };
/* End PBXFileReference section */

/* Begin PBXFrameworksBuildPhase section */
		6E896D0E2072263C001DC8D9 /* Frameworks */ = {
			isa = PBXFrameworksBuildPhase;
			buildActionMask = 2147483647;
			files = (
				6E896D2D2072278C001DC8D9 /* DPLog.framework in Frameworks */,
			);
			runOnlyForDeploymentPostprocessing = 0;
		};
/* End PBXFrameworksBuildPhase section */

/* Begin PBXGroup section */
		6E896D082072263C001DC8D9 = {
			isa = PBXGroup;
			children = (
				6E896D132072263C001DC8D9 /* DPLogExample */,
				6E896D122072263C001DC8D9 /* Products */,
				6E896D2620722773001DC8D9 /* Frameworks */,
			);
			sourceTree = "<group>";
		};
		6E896D122072263C001DC8D9 /* Products */ = {
			isa = PBXGroup;
			children = (
				6E896D112072263C001DC8D9 /* DPLogExample.app */,
			);
			name = Products;
			sourceTree = "<group>";
		};
		6E896D132072263C001DC8D9 /* DPLogExample */ = {
			isa = PBXGroup;
			children = (
				6E896D142072263C001DC8D9 /* AppDelegate.swift */,
				6E896D162072263C001DC8D9 /* ViewController.swift */,
				6E896D182072263C001DC8D9 /* Main.storyboard */,
				6E896D1B2072263E001DC8D9 /* Assets.xcassets */,
				6E896D1D2072263E001DC8D9 /* LaunchScreen.storyboard */,
				6E896D202072263E001DC8D9 /* Info.plist */,
			);
			path = DPLogExample;
			sourceTree = "<group>";
		};
		6E896D2620722773001DC8D9 /* Frameworks */ = {
			isa = PBXGroup;
			children = (
				6E896D2720722773001DC8D9 /* DPLog.framework */,
			);
			name = Frameworks;
			sourceTree = "<group>";
		};
/* End PBXGroup section */

/* Begin PBXNativeTarget section */
		6E896D102072263C001DC8D9 /* DPLogExample */ = {
			isa = PBXNativeTarget;
			buildConfigurationList = 6E896D232072263E001DC8D9 /* Build configuration list for PBXNativeTarget "DPLogExample" */;
			buildPhases = (
				6E896D0D2072263C001DC8D9 /* Sources */,
				6E896D0E2072263C001DC8D9 /* Frameworks */,
				6E896D0F2072263C001DC8D9 /* Resources */,
				6E896D2F2072278C001DC8D9 /* Embed Frameworks */,
			);
			buildRules = (
			);
			dependencies = (
			);
			name = DPLogExample;
			productName = DPLogExample;
			productReference = 6E896D112072263C001DC8D9 /* DPLogExample.app */;
			productType = "com.apple.product-type.application";
		};
/* End PBXNativeTarget section */

/* Begin PBXProject section */
		6E896D092072263C001DC8D9 /* Project object */ = {
			isa = PBXProject;
			attributes = {
				LastSwiftUpdateCheck = 0930;
				LastUpgradeCheck = 0930;
				ORGANIZATIONNAME = "dancewithpeng@gmail.com";
				TargetAttributes = {
					6E896D102072263C001DC8D9 = {
						CreatedOnToolsVersion = 9.3;
					};
				};
			};
			buildConfigurationList = 6E896D0C2072263C001DC8D9 /* Build configuration list for PBXProject "DPLogExample" */;
			compatibilityVersion = "Xcode 9.3";
			developmentRegion = en;
			hasScannedForEncodings = 0;
			knownRegions = (
				en,
				Base,
			);
			mainGroup = 6E896D082072263C001DC8D9;
			productRefGroup = 6E896D122072263C001DC8D9 /* Products */;
			projectDirPath = "";
			projectRoot = "";
			targets = (
				6E896D102072263C001DC8D9 /* DPLogExample */,
			);
		};
/* End PBXProject section */

/* Begin PBXResourcesBuildPhase section */
		6E896D0F2072263C001DC8D9 /* Resources */ = {
			isa = PBXResourcesBuildPhase;
			buildActionMask = 2147483647;
			files = (
				6E896D1F2072263E001DC8D9 /* LaunchScreen.storyboard in Resources */,
				6E896D1C2072263E001DC8D9 /* Assets.xcassets in Resources */,
				6E896D1A2072263C001DC8D9 /* Main.storyboard in Resources */,
			);
			runOnlyForDeploymentPostprocessing = 0;
		};
/* End PBXResourcesBuildPhase section */

/* Begin PBXSourcesBuildPhase section */
		6E896D0D2072263C001DC8D9 /* Sources */ = {
			isa = PBXSourcesBuildPhase;
			buildActionMask = 2147483647;
			files = (
				6E896D172072263C001DC8D9 /* ViewController.swift in Sources */,
				6E896D152072263C001DC8D9 /* AppDelegate.swift in Sources */,
			);
			runOnlyForDeploymentPostprocessing = 0;
		};
/* End PBXSourcesBuildPhase section */

/* Begin PBXVariantGroup section */
		6E896D182072263C001DC8D9 /* Main.storyboard */ = {
			isa = PBXVariantGroup;
			children = (
				6E896D192072263C001DC8D9 /* Base */,
			);
			name = Main.storyboard;
			sourceTree = "<group>";
		};
		6E896D1D2072263E001DC8D9 /* LaunchScreen.storyboard */ = {
			isa = PBXVariantGroup;
			children = (
				6E896D1E2072263E001DC8D9 /* Base */,
			);
			name = LaunchScreen.storyboard;
			sourceTree = "<group>";
		};
/* End PBXVariantGroup section */

/* Begin XCBuildConfiguration section */
		6E896D212072263E001DC8D9 /* Debug */ = {
			isa = XCBuildConfiguration;
			buildSettings = {
				ALWAYS_SEARCH_USER_PATHS = NO;
				CLANG_ANALYZER_NONNULL = YES;
				CLANG_ANALYZER_NUMBER_OBJECT_CONVERSION = YES_AGGRESSIVE;
				CLANG_CXX_LANGUAGE_STANDARD = "gnu++14";
				CLANG_CXX_LIBRARY = "libc++";
				CLANG_ENABLE_MODULES = YES;
				CLANG_ENABLE_OBJC_ARC = YES;
				CLANG_ENABLE_OBJC_WEAK = YES;
				CLANG_WARN_BLOCK_CAPTURE_AUTORELEASING = YES;
				CLANG_WARN_BOOL_CONVERSION = YES;
				CLANG_WARN_COMMA = YES;
				CLANG_WARN_CONSTANT_CONVERSION = YES;
				CLANG_WARN_DEPRECATED_OBJC_IMPLEMENTATIONS = YES;
				CLANG_WARN_DIRECT_OBJC_ISA_USAGE = YES_ERROR;
				CLANG_WARN_DOCUMENTATION_COMMENTS = YES;
				CLANG_WARN_EMPTY_BODY = YES;
				CLANG_WARN_ENUM_CONVERSION = YES;
				CLANG_WARN_INFINITE_RECURSION = YES;
				CLANG_WARN_INT_CONVERSION = YES;
				CLANG_WARN_NON_LITERAL_NULL_CONVERSION = YES;
				CLANG_WARN_OBJC_IMPLICIT_RETAIN_SELF = YES;
				CLANG_WARN_OBJC_LITERAL_CONVERSION = YES;
				CLANG_WARN_OBJC_ROOT_CLASS = YES_ERROR;
				CLANG_WARN_RANGE_LOOP_ANALYSIS = YES;
				CLANG_WARN_STRICT_PROTOTYPES = YES;
				CLANG_WARN_SUSPICIOUS_MOVE = YES;
				CLANG_WARN_UNGUARDED_AVAILABILITY = YES_AGGRESSIVE;
				CLANG_WARN_UNREACHABLE_CODE = YES;
				CLANG_WARN__DUPLICATE_METHOD_MATCH = YES;
				CODE_SIGN_IDENTITY = "iPhone Developer";
				COPY_PHASE_STRIP = NO;
				DEBUG_INFORMATION_FORMAT = dwarf;
				ENABLE_STRICT_OBJC_MSGSEND = YES;
				ENABLE_TESTABILITY = YES;
				GCC_C_LANGUAGE_STANDARD = gnu11;
				GCC_DYNAMIC_NO_PIC = NO;
				GCC_NO_COMMON_BLOCKS = YES;
				GCC_OPTIMIZATION_LEVEL = 0;
				GCC_PREPROCESSOR_DEFINITIONS = (
					"DEBUG=1",
					"$(inherited)",
				);
				GCC_WARN_64_TO_32_BIT_CONVERSION = YES;
				GCC_WARN_ABOUT_RETURN_TYPE = YES_ERROR;
				GCC_WARN_UNDECLARED_SELECTOR = YES;
				GCC_WARN_UNINITIALIZED_AUTOS = YES_AGGRESSIVE;
				GCC_WARN_UNUSED_FUNCTION = YES;
				GCC_WARN_UNUSED_VARIABLE = YES;
				IPHONEOS_DEPLOYMENT_TARGET = 11.3;
				MTL_ENABLE_DEBUG_INFO = YES;
				ONLY_ACTIVE_ARCH = YES;
				SDKROOT = iphoneos;
				SWIFT_ACTIVE_COMPILATION_CONDITIONS = DEBUG;
				SWIFT_OPTIMIZATION_LEVEL = "-Onone";
			};
			name = Debug;
		};
		6E896D222072263E001DC8D9 /* Release */ = {
			isa = XCBuildConfiguration;
			buildSettings = {
				ALWAYS_SEARCH_USER_PATHS = NO;
				CLANG_ANALYZER_NONNULL = YES;
				CLANG_ANALYZER_NUMBER_OBJECT_CONVERSION = YES_AGGRESSIVE;
				CLANG_CXX_LANGUAGE_STANDARD = "gnu++14";
				CLANG_CXX_LIBRARY = "libc++";
				CLANG_ENABLE_MODULES = YES;
				CLANG_ENABLE_OBJC_ARC = YES;
				CLANG_ENABLE_OBJC_WEAK = YES;
				CLANG_WARN_BLOCK_CAPTURE_AUTORELEASING = YES;
				CLANG_WARN_BOOL_CONVERSION = YES;
				CLANG_WARN_COMMA = YES;
				CLANG_WARN_CONSTANT_CONVERSION = YES;
				CLANG_WARN_DEPRECATED_OBJC_IMPLEMENTATIONS = YES;
				CLANG_WARN_DIRECT_OBJC_ISA_USAGE = YES_ERROR;
				CLANG_WARN_DOCUMENTATION_COMMENTS = YES;
				CLANG_WARN_EMPTY_BODY = YES;
				CLANG_WARN_ENUM_CONVERSION = YES;
				CLANG_WARN_INFINITE_RECURSION = YES;
				CLANG_WARN_INT_CONVERSION = YES;
				CLANG_WARN_NON_LITERAL_NULL_CONVERSION = YES;
				CLANG_WARN_OBJC_IMPLICIT_RETAIN_SELF = YES;
				CLANG_WARN_OBJC_LITERAL_CONVERSION = YES;
				CLANG_WARN_OBJC_ROOT_CLASS = YES_ERROR;
				CLANG_WARN_RANGE_LOOP_ANALYSIS = YES;
				CLANG_WARN_STRICT_PROTOTYPES = YES;
				CLANG_WARN_SUSPICIOUS_MOVE = YES;
				CLANG_WARN_UNGUARDED_AVAILABILITY = YES_AGGRESSIVE;
				CLANG_WARN_UNREACHABLE_CODE = YES;
				CLANG_WARN__DUPLICATE_METHOD_MATCH = YES;
				CODE_SIGN_IDENTITY = "iPhone Developer";
				COPY_PHASE_STRIP = NO;
				DEBUG_INFORMATION_FORMAT = "dwarf-with-dsym";
				ENABLE_NS_ASSERTIONS = NO;
				ENABLE_STRICT_OBJC_MSGSEND = YES;
				GCC_C_LANGUAGE_STANDARD = gnu11;
				GCC_NO_COMMON_BLOCKS = YES;
				GCC_WARN_64_TO_32_BIT_CONVERSION = YES;
				GCC_WARN_ABOUT_RETURN_TYPE = YES_ERROR;
				GCC_WARN_UNDECLARED_SELECTOR = YES;
				GCC_WARN_UNINITIALIZED_AUTOS = YES_AGGRESSIVE;
				GCC_WARN_UNUSED_FUNCTION = YES;
				GCC_WARN_UNUSED_VARIABLE = YES;
				IPHONEOS_DEPLOYMENT_TARGET = 11.3;
				MTL_ENABLE_DEBUG_INFO = NO;
				SDKROOT = iphoneos;
				SWIFT_COMPILATION_MODE = wholemodule;
				SWIFT_OPTIMIZATION_LEVEL = "-O";
				VALIDATE_PRODUCT = YES;
			};
			name = Release;
		};
		6E896D242072263E001DC8D9 /* Debug */ = {
			isa = XCBuildConfiguration;
			buildSettings = {
				ASSETCATALOG_COMPILER_APPICON_NAME = AppIcon;
				CODE_SIGN_STYLE = Automatic;
				INFOPLIST_FILE = DPLogExample/Info.plist;
				LD_RUNPATH_SEARCH_PATHS = (
					"$(inherited)",
					"@executable_path/Frameworks",
				);
				PRODUCT_BUNDLE_IDENTIFIER = DP.Utilities.DPLogExample;
				PRODUCT_NAME = "$(TARGET_NAME)";
				SWIFT_VERSION = 4.0;
				TARGETED_DEVICE_FAMILY = "1,2";
			};
			name = Debug;
		};
		6E896D252072263E001DC8D9 /* Release */ = {
			isa = XCBuildConfiguration;
			buildSettings = {
				ASSETCATALOG_COMPILER_APPICON_NAME = AppIcon;
				CODE_SIGN_STYLE = Automatic;
				INFOPLIST_FILE = DPLogExample/Info.plist;
				LD_RUNPATH_SEARCH_PATHS = (
					"$(inherited)",
					"@executable_path/Frameworks",
				);
				PRODUCT_BUNDLE_IDENTIFIER = DP.Utilities.DPLogExample;
				PRODUCT_NAME = "$(TARGET_NAME)";
				SWIFT_VERSION = 4.0;
				TARGETED_DEVICE_FAMILY = "1,2";
			};
			name = Release;
		};
/* End XCBuildConfiguration section */

/* Begin XCConfigurationList section */
		6E896D0C2072263C001DC8D9 /* Build configuration list for PBXProject "DPLogExample" */ = {
			isa = XCConfigurationList;
			buildConfigurations = (
				6E896D212072263E001DC8D9 /* Debug */,
				6E896D222072263E001DC8D9 /* Release */,
			);
			defaultConfigurationIsVisible = 0;
			defaultConfigurationName = Release;
		};
		6E896D232072263E001DC8D9 /* Build configuration list for PBXNativeTarget "DPLogExample" */ = {
			isa = XCConfigurationList;
			buildConfigurations = (
				6E896D242072263E001DC8D9 /* Debug */,
				6E896D252072263E001DC8D9 /* Release */,
			);
			defaultConfigurationIsVisible = 0;
			defaultConfigurationName = Release;
		};
/* End XCConfigurationList section */
	};
	rootObject = 6E896D092072263C001DC8D9 /* Project object */;
}
